{
  "version": 3,
  "mopsTomlDepsHash": "0a67421a810a1ae3a15686b1e3e067e5c3350e896ed3f80f73dd4e667cf50b70",
  "deps": {
    "core": "2.0.0",
    "caffeineai-authorization": "0.1.1",
    "caffeineai-object-storage": "0.1.2"
  },
  "hashes": {
    "core@2.0.0": {
      "core@2.0.0/README.md": "d99a4e5563682e4ad38ad06d09c1395f9b6bbd1ce789660586a2e95c0347831c",
      "core@2.0.0/LICENSE": "840e3d57a38a8061f55d04470fbd58b9345326fa04ea10ee42add5c6e3b2aa08",
      "core@2.0.0/src/Blob.mo": "3f8846e1f7ad960ceb9c2473aec74ce3a20cc5731fcd197d95a2713afbec6ff9",
      "core@2.0.0/mops.toml": "5ddc95fe515376948efe1be5b926784191c6c0e47427267c77cb425b4a5d3c29",
      "core@2.0.0/NOTICE": "d62ca4ef9e2c9df064115c339013593cf0769e2b9dc78fa4b3211222541c7f83",
      "core@2.0.0/src/Bool.mo": "3b606a6631f28c774e3055bc860201e56260fd32fdc5e8dc00d901506be95db5",
      "core@2.0.0/src/Array.mo": "39fd012385c99f2a8a571da48c66daee3b4b83fcfbe8aeb4e23d98d65817e5ff",
      "core@2.0.0/src/Cycles.mo": "9f5c1fceea47f05c43f22a1c25e8753fb7e552e36106d27bceef24b1310f4cbc",
      "core@2.0.0/src/Float.mo": "d03ee038bd8b4b61f45ae27664ffe42287b7278b7f1ccc91d3774daa5d656933",
      "core@2.0.0/src/CertifiedData.mo": "5af3182d77ab7aab2384d1f663a8cd992bbd6652aacff29c443314cf2186328f",
      "core@2.0.0/src/Error.mo": "cf17271aa066577a4621ee2c207923f10947f5e2fdb99fcfe779a84979a8feaf",
      "core@2.0.0/src/Char.mo": "a8d00178eb4b776fb6857f2521799f1103f43b8b201f4e94d540c6c47e1e716c",
      "core@2.0.0/src/Debug.mo": "428a4e0af02fe57cad6834e952f036ef825cb76892c3ddd6ad808c048b1b3357",
      "core@2.0.0/src/Int.mo": "e07ffc73de0accc26c356be4a208769c74b36e7e394a900dc47128ba894ed988",
      "core@2.0.0/src/Func.mo": "535991ccca8d551d48129a0b7df03ea7bd6ebf3d74b1b572259d10ce709d7d46",
      "core@2.0.0/src/Int16.mo": "f6d2721e3af1e70dfd196784a4af27dbf0c543f68569d04631c466e07a728ab1",
      "core@2.0.0/src/Int32.mo": "eea42ea954fa1b7c7d8e86d4841c373c66e2a61fcc9fde7a87be0de33bb75d7f",
      "core@2.0.0/src/Int64.mo": "9754e7ce183006903a0114bf31400c97bc271a217301864da121eca24fe425b4",
      "core@2.0.0/src/List.mo": "263c61ad591bc94f5adfc27517122ce060b9f50425b52e4e01c2d0ed1ced029d",
      "core@2.0.0/src/Iter.mo": "7d49f85312f607f1fc6b99c89e51a72ae4605a6638ea8252532210cfabeb2ecf",
      "core@2.0.0/src/Int8.mo": "f4c3cc0d72d99d563e1c7ff0f6cdaf65aa5ad8d2ef2f5058d8285ca234deea72",
      "core@2.0.0/src/InternetComputer.mo": "20383755c98801e560c17f9aefd9b4eb00463ee598125de1b39f6ae6fc8c60c9",
      "core@2.0.0/src/Nat32.mo": "aceb48ea93a7dcd270e8555aa8177e9b9772d045c55716f109ce02d70c439683",
      "core@2.0.0/src/Nat8.mo": "f40b216516ac4e1bf877f78bfc38928cf252622df8d6ecfef5700493018ea624",
      "core@2.0.0/src/Option.mo": "aeec94cd6954e7b8b5463a5b15abddfb56c5322cb9b9e7ac782092d5c33a8b38",
      "core@2.0.0/src/Nat64.mo": "c5ce5d691c2c04c1d920f567084a5465284adc5fb4961d400fb7f4c569b1b1af",
      "core@2.0.0/src/Order.mo": "6c21e905e1e8c2b40cd50438218230c207d0bbec0d2514779edd76f9f84a812c",
      "core@2.0.0/src/Map.mo": "71c1dd738868479cc9770470706f6f222ac9d7b4a2743f59b33b16b31fd98ac7",
      "core@2.0.0/src/Nat.mo": "a1382b7b1b9baf7e7dd88767e50d19debcaa4235e753db7892c30b6f933585a7",
      "core@2.0.0/src/Nat16.mo": "15f78bbecb38eb562c8b55d2a8568ffa28c498ff066988fc55107fc2b0e7953c",
      "core@2.0.0/src/Runtime.mo": "5ac1290bec77ab04ae51df5fdc56ab4c6850823ffcd18e4140dfcc1b5a66cce3",
      "core@2.0.0/src/Random.mo": "f5d48c30297b579a068af8cd8c6f4f986605e492b1b65424329a5171d1480e97",
      "core@2.0.0/src/Queue.mo": "807ae8b4bdcaef6e37c57b65a93a04c0c5ed72f77e315e9916f5a25f62ce424f",
      "core@2.0.0/src/Region.mo": "ef1726393401a7cafaebabde303debc31c1ef2f3b12bbfeca3850d1852148a95",
      "core@2.0.0/src/PriorityQueue.mo": "a0ac43f32856c2902608062faefb35024879df5d87ecbe2b499195978f1fd00e",
      "core@2.0.0/src/Set.mo": "d64fed0989da152d0a4baa81719bef548ad3f461367d5d434d14e98cb18281f0",
      "core@2.0.0/src/Principal.mo": "f974da926ed30bdd69ef0505036e9fa183846b933be83f2135b81bcc2af08891",
      "core@2.0.0/src/Result.mo": "0932722ab0187524c3c11539ccf2a1b9453438a9f3a042dde94e45d9c56a32c5",
      "core@2.0.0/src/Time.mo": "e08d502d5eb3ca0ab7b4cce7322404faf1c72bc2bed7d2ded5a46d6afd80fd39",
      "core@2.0.0/src/Stack.mo": "f70b2b978f37ebba351a5a5eb1b163a7ee9c2e579861ea1a14072b0bb57f1869",
      "core@2.0.0/src/Timer.mo": "dee7c31d1d4fd29794da552a133bcb90fbd29e3ec004407d1d6a16f430ac8151",
      "core@2.0.0/src/Text.mo": "d25b81756249cf768725b544da9ea3efe8262a3851fe8fa9ef0ccb97f699694c",
      "core@2.0.0/src/VarArray.mo": "e91eb94403b89f5830afa9a8147e2a68eee8c5f672a8c4cdfd177aace8b3e02f",
      "core@2.0.0/src/Types.mo": "00dc0132996b3bb3eaf5cc4413be78ca860137ef26f5b472b0e7b3ef68f6652f",
      "core@2.0.0/src/WeakReference.mo": "06e58a6d67bf67c4b31ff871416d0cf6d6e34bfb409ce73d83372ef6b74de3cf",
      "core@2.0.0/src/Tuples.mo": "2151dffc272c7d9ad6ff927432528d3893f220d414fbad237b9c6827006e5490",
      "core@2.0.0/src/pure/List.mo": "b4fb45cf75410461fb1501a316d2384d1be63fee1fccf11ed1d29677e5e2393c",
      "core@2.0.0/src/pure/Map.mo": "e9868fc4dd5e8e6272382e33241c59f8664e3de2e618cbf62fa8b20beabecfab",
      "core@2.0.0/src/internal/BTreeHelper.mo": "20a475baf18f924ee0297fc234469fa0985cdaa31c85ce002b5a921383b0534d",
      "core@2.0.0/src/internal/PRNG.mo": "8a93e87baa2b12f613c82394a4a05b425e44a695bbace4ca36f9a1f78be26442",
      "core@2.0.0/src/pure/RealTimeQueue.mo": "ad0866b7bad9da97875e5e8d2f37e44909ac05899b244f844ffece6135559648",
      "core@2.0.0/src/pure/Queue.mo": "21cfed3bb4aa4bf8265adcaaea4e0f4b7f34c3ee81abbb9e6b889efd4626a8b8",
      "core@2.0.0/src/pure/Set.mo": "f0155b1d548cbc8889fcff75ef52f0cab7998b034621e4faac8d3b79d7bbac07"
    },
    "caffeineai-authorization@0.1.1": {
      "caffeineai-authorization@0.1.1/rules/no-redeclare-get-caller-user-role.toml": "934befe7ed91e8b7b8d7e9ec583730cbd2965b5f77354cea2770b709c1558093",
      "caffeineai-authorization@0.1.1/src/MixinAuthorization.mo": "818108e2188d91637eef39e6a9f0358f9958aa38ecec1e34b46fc7376cb6c09c",
      "caffeineai-authorization@0.1.1/rules/no-redeclare-initialize-access-control.toml": "1ecedde0d8fe2b3d71fa46a20fa721754fcb0591bdb8b6b668b69f2593e120a4",
      "caffeineai-authorization@0.1.1/mops.toml": "36f8bccb06893e5c6e164e915f5d9e07c255cb59404a6a940b09bfb182f0c7bf",
      "caffeineai-authorization@0.1.1/README.md": "7df09c051d9943be6cab58bfc0a208425b1d48512ae7f73b898dfed86ec6fd85",
      "caffeineai-authorization@0.1.1/rules/no-redeclare-is-caller-admin.toml": "10a57bed38437b1db5624f3b7261ee5f5922311b0bd30e01e2007a7edb274946",
      "caffeineai-authorization@0.1.1/rules/no-redeclare-assign-caller-user-role.toml": "e8669dfe4931aaa4268682877388255342ce2cb2cdafd21a121ddf22ef42b500",
      "caffeineai-authorization@0.1.1/rules/mixin-authorization-included.toml": "57fa6a81594ea8c12e0a3315c36dec4adf718444b8ef70a11cda1aaa1b11624a",
      "caffeineai-authorization@0.1.1/src/access-control.mo": "e517d2a028b510d804a633631a15981160def610ea9410dd5a122f92af3c04d8"
    },
    "caffeineai-object-storage@0.1.2": {
      "caffeineai-object-storage@0.1.2/rules/no-redeclare-caffeine-storage-refill.toml": "ef27548d981848d1e9940053aae9c31162d4c9352778c1c3a2de7476924da9f7",
      "caffeineai-object-storage@0.1.2/rules/no-redeclare-caffeine-storage-gateway.toml": "8a232d3119adc5d29ff9cfeaea5ba4dedd96c6e7d9a6c1b544723bc666e923be",
      "caffeineai-object-storage@0.1.2/rules/mixin-storage-included.toml": "d2ab392a7a2a07f1c23f77f9357f6d0967346bff30a4588b8b53736f3931f1d5",
      "caffeineai-object-storage@0.1.2/README.md": "cec7c399f7f9dee04709ba8e6610fe380e887ef667b9981082dac06eeb9c36fc",
      "caffeineai-object-storage@0.1.2/src/Storage.mo": "e4b61a9c3400f7d38f9b239451c37d81719889cbbf23a5a45bbd166c437500f5",
      "caffeineai-object-storage@0.1.2/mops.toml": "530718e8c2e82e9641f6feb4dfdf9beff590ef1a45b3ae2dbcdd9dce863e140a",
      "caffeineai-object-storage@0.1.2/src/Mixin.mo": "175c6b98672a83054fc08855062d1a7b7f2bd3713bf11a60d5319ac5afefe2b3"
    }
  }
}